
Microsoft Visual Studio Solution File, Format Version 12.00
# Visual Studio Version 17
VisualStudioVersion = 17.5.002.0
MinimumVisualStudioVersion = 10.0.40219.1
Project("{9A19103F-16F7-4668-BE54-9A1E7A4F7556}") = "azure-testing", "azure-testing.csproj", "{B4A46DFE-FC48-4598-9AC0-A058723CF3FC}"
EndProject
Global
	GlobalSection(SolutionConfigurationPlatforms) = preSolution
		Debug|Any CPU = Debug|Any CPU
		Release|Any CPU = Release|Any CPU
	EndGlobalSection
	GlobalSection(ProjectConfigurationPlatforms) = postSolution
		{B4A46DFE-FC48-4598-9AC0-A058723CF3FC}.Debug|Any CPU.ActiveCfg = Debug|Any CPU
		{B4A46DFE-FC48-4598-9AC0-A058723CF3FC}.Debug|Any CPU.Build.0 = Debug|Any CPU
		{B4A46DFE-FC48-4598-9AC0-A058723CF3FC}.Release|Any CPU.ActiveCfg = Release|Any CPU
		{B4A46DFE-FC48-4598-9AC0-A058723CF3FC}.Release|Any CPU.Build.0 = Release|Any CPU
	EndGlobalSection
	GlobalSection(SolutionProperties) = preSolution
		HideSolutionNode = FALSE
	EndGlobalSection
	GlobalSection(ExtensibilityGlobals) = postSolution
		SolutionGuid = {947B9D5A-8963-4B67-AC5E-03B075EBE23A}
	EndGlobalSection
EndGlobal
